// !$*UTF8*$!
{
	archiveVersion = 1;
	classes = {
	};
	objectVersion = 46;
	objects = {

/* Begin PBXBuildFile section */
		AFB7A5BA18F73E29003EABB4 /* Foundation.framework in Frameworks */ = {isa = PBXBuildFile; fileRef = AFB7A5B918F73E29003EABB4 /* Foundation.framework */; };
		AFB7A5BC18F73E29003EABB4 /* CoreGraphics.framework in Frameworks */ = {isa = PBXBuildFile; fileRef = AFB7A5BB18F73E29003EABB4 /* CoreGraphics.framework */; };
		AFB7A5BE18F73E29003EABB4 /* UIKit.framework in Frameworks */ = {isa = PBXBuildFile; fileRef = AFB7A5BD18F73E29003EABB4 /* UIKit.framework */; };
		AFB7A5C418F73E29003EABB4 /* InfoPlist.strings in Resources */ = {isa = PBXBuildFile; fileRef = AFB7A5C218F73E29003EABB4 /* InfoPlist.strings */; };
		AFB7A5C618F73E29003EABB4 /* main.m in Sources */ = {isa = PBXBuildFile; fileRef = AFB7A5C518F73E29003EABB4 /* main.m */; };
		AFB7A5CA18F73E29003EABB4 /* AppDelegate.m in Sources */ = {isa = PBXBuildFile; fileRef = AFB7A5C918F73E29003EABB4 /* AppDelegate.m */; };
		AFB7A5CD18F73E29003EABB4 /* Main.storyboard in Resources */ = {isa = PBXBuildFile; fileRef = AFB7A5CB18F73E29003EABB4 /* Main.storyboard */; };
		AFB7A5D018F73E29003EABB4 /* ViewController.m in Sources */ = {isa = PBXBuildFile; fileRef = AFB7A5CF18F73E29003EABB4 /* ViewController.m */; };
		AFB7A5D218F73E29003EABB4 /* Images.xcassets in Resources */ = {isa = PBXBuildFile; fileRef = AFB7A5D118F73E29003EABB4 /* Images.xcassets */; };
		AFB7A5D918F73E29003EABB4 /* XCTest.framework in Frameworks */ = {isa = PBXBuildFile; fileRef = AFB7A5D818F73E29003EABB4 /* XCTest.framework */; };
		AFB7A5DA18F73E29003EABB4 /* Foundation.framework in Frameworks */ = {isa = PBXBuildFile; fileRef = AFB7A5B918F73E29003EABB4 /* Foundation.framework */; };
		AFB7A5DB18F73E29003EABB4 /* UIKit.framework in Frameworks */ = {isa = PBXBuildFile; fileRef = AFB7A5BD18F73E29003EABB4 /* UIKit.framework */; };
		AFB7A5E318F73E29003EABB4 /* InfoPlist.strings in Resources */ = {isa = PBXBuildFile; fileRef = AFB7A5E118F73E29003EABB4 /* InfoPlist.strings */; };
		AFB7A5E518F73E29003EABB4 /* BlurEffectTests.m in Sources */ = {isa = PBXBuildFile; fileRef = AFB7A5E418F73E29003EABB4 /* BlurEffectTests.m */; };
/* End PBXBuildFile section */

/* Begin PBXContainerItemProxy section */
		AFB7A5DC18F73E29003EABB4 /* PBXContainerItemProxy */ = {
			isa = PBXContainerItemProxy;
			containerPortal = AFB7A5AE18F73E29003EABB4 /* Project object */;
			proxyType = 1;
			remoteGlobalIDString = AFB7A5B518F73E29003EABB4;
			remoteInfo = BlurEffect;
		};
/* End PBXContainerItemProxy section */

/* Begin PBXFileReference section */
		AFB7A5B618F73E29003EABB4 /* BlurEffect.app */ = {isa = PBXFileReference; explicitFileType = wrapper.application; includeInIndex = 0; path = BlurEffect.app; sourceTree = BUILT_PRODUCTS_DIR; };
		AFB7A5B918F73E29003EABB4 /* Foundation.framework */ = {isa = PBXFileReference; lastKnownFileType = wrapper.framework; name = Foundation.framework; path = System/Library/Frameworks/Foundation.framework; sourceTree = SDKROOT; };
		AFB7A5BB18F73E29003EABB4 /* CoreGraphics.framework */ = {isa = PBXFileReference; lastKnownFileType = wrapper.framework; name = CoreGraphics.framework; path = System/Library/Frameworks/CoreGraphics.framework; sourceTree = SDKROOT; };
		AFB7A5BD18F73E29003EABB4 /* UIKit.framework */ = {isa = PBXFileReference; lastKnownFileType = wrapper.framework; name = UIKit.framework; path = System/Library/Frameworks/UIKit.framework; sourceTree = SDKROOT; };
		AFB7A5C118F73E29003EABB4 /* BlurEffect-Info.plist */ = {isa = PBXFileReference; lastKnownFileType = text.plist.xml; path = "BlurEffect-Info.plist"; sourceTree = "<group>"; };
		AFB7A5C318F73E29003EABB4 /* en */ = {isa = PBXFileReference; lastKnownFileType = text.plist.strings; name = en; path = en.lproj/InfoPlist.strings; sourceTree = "<group>"; };
		AFB7A5C518F73E29003EABB4 /* main.m */ = {isa = PBXFileReference; lastKnownFileType = sourcecode.c.objc; path = main.m; sourceTree = "<group>"; };
		AFB7A5C718F73E29003EABB4 /* BlurEffect-Prefix.pch */ = {isa = PBXFileReference; lastKnownFileType = sourcecode.c.h; path = "BlurEffect-Prefix.pch"; sourceTree = "<group>"; };
		AFB7A5C818F73E29003EABB4 /* AppDelegate.h */ = {isa = PBXFileReference; lastKnownFileType = sourcecode.c.h; path = AppDelegate.h; sourceTree = "<group>"; };
		AFB7A5C918F73E29003EABB4 /* AppDelegate.m */ = {isa = PBXFileReference; lastKnownFileType = sourcecode.c.objc; path = AppDelegate.m; sourceTree = "<group>"; };
		AFB7A5CC18F73E29003EABB4 /* Base */ = {isa = PBXFileReference; lastKnownFileType = file.storyboard; name = Base; path = Base.lproj/Main.storyboard; sourceTree = "<group>"; };
		AFB7A5CE18F73E29003EABB4 /* ViewController.h */ = {isa = PBXFileReference; lastKnownFileType = sourcecode.c.h; path = ViewController.h; sourceTree = "<group>"; };
		AFB7A5CF18F73E29003EABB4 /* ViewController.m */ = {isa = PBXFileReference; lastKnownFileType = sourcecode.c.objc; path = ViewController.m; sourceTree = "<group>"; };
		AFB7A5D118F73E29003EABB4 /* Images.xcassets */ = {isa = PBXFileReference; lastKnownFileType = folder.assetcatalog; path = Images.xcassets; sourceTree = "<group>"; };
		AFB7A5D718F73E29003EABB4 /* BlurEffectTests.xctest */ = {isa = PBXFileReference; explicitFileType = wrapper.cfbundle; includeInIndex = 0; path = BlurEffectTests.xctest; sourceTree = BUILT_PRODUCTS_DIR; };
		AFB7A5D818F73E29003EABB4 /* XCTest.framework */ = {isa = PBXFileReference; lastKnownFileType = wrapper.framework; name = XCTest.framework; path = Library/Frameworks/XCTest.framework; sourceTree = DEVELOPER_DIR; };
		AFB7A5E018F73E29003EABB4 /* BlurEffectTests-Info.plist */ = {isa = PBXFileReference; lastKnownFileType = text.plist.xml; path = "BlurEffectTests-Info.plist"; sourceTree = "<group>"; };
		AFB7A5E218F73E29003EABB4 /* en */ = {isa = PBXFileReference; lastKnownFileType = text.plist.strings; name = en; path = en.lproj/InfoPlist.strings; sourceTree = "<group>"; };
		AFB7A5E418F73E29003EABB4 /* BlurEffectTests.m */ = {isa = PBXFileReference; lastKnownFileType = sourcecode.c.objc; path = BlurEffectTests.m; sourceTree = "<group>"; };
/* End PBXFileReference section */

/* Begin PBXFrameworksBuildPhase section */
		AFB7A5B318F73E29003EABB4 /* Frameworks */ = {
			isa = PBXFrameworksBuildPhase;
			buildActionMask = 2147483647;
			files = (
				AFB7A5BC18F73E29003EABB4 /* CoreGraphics.framework in Frameworks */,
				AFB7A5BE18F73E29003EABB4 /* UIKit.framework in Frameworks */,
				AFB7A5BA18F73E29003EABB4 /* Foundation.framework in Frameworks */,
			);
			runOnlyForDeploymentPostprocessing = 0;
		};
		AFB7A5D418F73E29003EABB4 /* Frameworks */ = {
			isa = PBXFrameworksBuildPhase;
			buildActionMask = 2147483647;
			files = (
				AFB7A5D918F73E29003EABB4 /* XCTest.framework in Frameworks */,
				AFB7A5DB18F73E29003EABB4 /* UIKit.framework in Frameworks */,
				AFB7A5DA18F73E29003EABB4 /* Foundation.framework in Frameworks */,
			);
			runOnlyForDeploymentPostprocessing = 0;
		};
/* End PBXFrameworksBuildPhase section */

/* Begin PBXGroup section */
		AFB7A5AD18F73E29003EABB4 = {
			isa = PBXGroup;
			children = (
				AFB7A5BF18F73E29003EABB4 /* BlurEffect */,
				AFB7A5DE18F73E29003EABB4 /* BlurEffectTests */,
				AFB7A5B818F73E29003EABB4 /* Frameworks */,
				AFB7A5B718F73E29003EABB4 /* Products */,
			);
			sourceTree = "<group>";
		};
		AFB7A5B718F73E29003EABB4 /* Products */ = {
			isa = PBXGroup;
			children = (
				AFB7A5B618F73E29003EABB4 /* BlurEffect.app */,
				AFB7A5D718F73E29003EABB4 /* BlurEffectTests.xctest */,
			);
			name = Products;
			sourceTree = "<group>";
		};
		AFB7A5B818F73E29003EABB4 /* Frameworks */ = {
			isa = PBXGroup;
			children = (
				AFB7A5B918F73E29003EABB4 /* Foundation.framework */,
				AFB7A5BB18F73E29003EABB4 /* CoreGraphics.framework */,
				AFB7A5BD18F73E29003EABB4 /* UIKit.framework */,
				AFB7A5D818F73E29003EABB4 /* XCTest.framework */,
			);
			name = Frameworks;
			sourceTree = "<group>";
		};
		AFB7A5BF18F73E29003EABB4 /* BlurEffect */ = {
			isa = PBXGroup;
			children = (
				AFB7A5C818F73E29003EABB4 /* AppDelegate.h */,
				AFB7A5C918F73E29003EABB4 /* AppDelegate.m */,
				AFB7A5CB18F73E29003EABB4 /* Main.storyboard */,
				AFB7A5CE18F73E29003EABB4 /* ViewController.h */,
				AFB7A5CF18F73E29003EABB4 /* ViewController.m */,
				AFB7A5D118F73E29003EABB4 /* Images.xcassets */,
				AFB7A5C018F73E29003EABB4 /* Supporting Files */,
			);
			path = BlurEffect;
			sourceTree = "<group>";
		};
		AFB7A5C018F73E29003EABB4 /* Supporting Files */ = {
			isa = PBXGroup;
			children = (
				AFB7A5C118F73E29003EABB4 /* BlurEffect-Info.plist */,
				AFB7A5C218F73E29003EABB4 /* InfoPlist.strings */,
				AFB7A5C518F73E29003EABB4 /* main.m */,
				AFB7A5C718F73E29003EABB4 /* BlurEffect-Prefix.pch */,
			);
			name = "Supporting Files";
			sourceTree = "<group>";
		};
		AFB7A5DE18F73E29003EABB4 /* BlurEffectTests */ = {
			isa = PBXGroup;
			children = (
				AFB7A5E418F73E29003EABB4 /* BlurEffectTests.m */,
				AFB7A5DF18F73E29003EABB4 /* Supporting Files */,
			);
			path = BlurEffectTests;
			sourceTree = "<group>";
		};
		AFB7A5DF18F73E29003EABB4 /* Supporting Files */ = {
			isa = PBXGroup;
			children = (
				AFB7A5E018F73E29003EABB4 /* BlurEffectTests-Info.plist */,
				AFB7A5E118F73E29003EABB4 /* InfoPlist.strings */,
			);
			name = "Supporting Files";
			sourceTree = "<group>";
		};
/* End PBXGroup section */

/* Begin PBXNativeTarget section */
		AFB7A5B518F73E29003EABB4 /* BlurEffect */ = {
			isa = PBXNativeTarget;
			buildConfigurationList = AFB7A5E818F73E29003EABB4 /* Build configuration list for PBXNativeTarget "BlurEffect" */;
			buildPhases = (
				AFB7A5B218F73E29003EABB4 /* Sources */,
				AFB7A5B318F73E29003EABB4 /* Frameworks */,
				AFB7A5B418F73E29003EABB4 /* Resources */,
			);
			buildRules = (
			);
			dependencies = (
			);
			name = BlurEffect;
			productName = BlurEffect;
			productReference = AFB7A5B618F73E29003EABB4 /* BlurEffect.app */;
			productType = "com.apple.product-type.application";
		};
		AFB7A5D618F73E29003EABB4 /* BlurEffectTests */ = {
			isa = PBXNativeTarget;
			buildConfigurationList = AFB7A5EB18F73E29003EABB4 /* Build configuration list for PBXNativeTarget "BlurEffectTests" */;
			buildPhases = (
				AFB7A5D318F73E29003EABB4 /* Sources */,
				AFB7A5D418F73E29003EABB4 /* Frameworks */,
				AFB7A5D518F73E29003EABB4 /* Resources */,
			);
			buildRules = (
			);
			dependencies = (
				AFB7A5DD18F73E29003EABB4 /* PBXTargetDependency */,
			);
			name = BlurEffectTests;
			productName = BlurEffectTests;
			productReference = AFB7A5D718F73E29003EABB4 /* BlurEffectTests.xctest */;
			productType = "com.apple.product-type.bundle.unit-test";
		};
/* End PBXNativeTarget section */

/* Begin PBXProject section */
		AFB7A5AE18F73E29003EABB4 /* Project object */ = {
			isa = PBXProject;
			attributes = {
				LastUpgradeCheck = 0510;
				ORGANIZATIONNAME = "Bruno Guidolim";
				TargetAttributes = {
					AFB7A5D618F73E29003EABB4 = {
						TestTargetID = AFB7A5B518F73E29003EABB4;
					};
				};
			};
			buildConfigurationList = AFB7A5B118F73E29003EABB4 /* Build configuration list for PBXProject "BlurEffect" */;
			compatibilityVersion = "Xcode 3.2";
			developmentRegion = English;
			hasScannedForEncodings = 0;
			knownRegions = (
				en,
				Base,
			);
			mainGroup = AFB7A5AD18F73E29003EABB4;
			productRefGroup = AFB7A5B718F73E29003EABB4 /* Products */;
			projectDirPath = "";
			projectRoot = "";
			targets = (
				AFB7A5B518F73E29003EABB4 /* BlurEffect */,
				AFB7A5D618F73E29003EABB4 /* BlurEffectTests */,
			);
		};
/* End PBXProject section */

/* Begin PBXResourcesBuildPhase section */
		AFB7A5B418F73E29003EABB4 /* Resources */ = {
			isa = PBXResourcesBuildPhase;
			buildActionMask = 2147483647;
			files = (
				AFB7A5D218F73E29003EABB4 /* Images.xcassets in Resources */,
				AFB7A5C418F73E29003EABB4 /* InfoPlist.strings in Resources */,
				AFB7A5CD18F73E29003EABB4 /* Main.storyboard in Resources */,
			);
			runOnlyForDeploymentPostprocessing = 0;
		};
		AFB7A5D518F73E29003EABB4 /* Resources */ = {
			isa = PBXResourcesBuildPhase;
			buildActionMask = 2147483647;
			files = (
				AFB7A5E318F73E29003EABB4 /* InfoPlist.strings in Resources */,
			);
			runOnlyForDeploymentPostprocessing = 0;
		};
/* End PBXResourcesBuildPhase section */

/* Begin PBXSourcesBuildPhase section */
		AFB7A5B218F73E29003EABB4 /* Sources */ = {
			isa = PBXSourcesBuildPhase;
			buildActionMask = 2147483647;
			files = (
				AFB7A5D018F73E29003EABB4 /* ViewController.m in Sources */,
				AFB7A5CA18F73E29003EABB4 /* AppDelegate.m in Sources */,
				AFB7A5C618F73E29003EABB4 /* main.m in Sources */,
			);
			runOnlyForDeploymentPostprocessing = 0;
		};
		AFB7A5D318F73E29003EABB4 /* Sources */ = {
			isa = PBXSourcesBuildPhase;
			buildActionMask = 2147483647;
			files = (
				AFB7A5E518F73E29003EABB4 /* BlurEffectTests.m in Sources */,
			);
			runOnlyForDeploymentPostprocessing = 0;
		};
/* End PBXSourcesBuildPhase section */

/* Begin PBXTargetDependency section */
		AFB7A5DD18F73E29003EABB4 /* PBXTargetDependency */ = {
			isa = PBXTargetDependency;
			target = AFB7A5B518F73E29003EABB4 /* BlurEffect */;
			targetProxy = AFB7A5DC18F73E29003EABB4 /* PBXContainerItemProxy */;
		};
/* End PBXTargetDependency section */

/* Begin PBXVariantGroup section */
		AFB7A5C218F73E29003EABB4 /* InfoPlist.strings */ = {
			isa = PBXVariantGroup;
			children = (
				AFB7A5C318F73E29003EABB4 /* en */,
			);
			name = InfoPlist.strings;
			sourceTree = "<group>";
		};
		AFB7A5CB18F73E29003EABB4 /* Main.storyboard */ = {
			isa = PBXVariantGroup;
			children = (
				AFB7A5CC18F73E29003EABB4 /* Base */,
			);
			name = Main.storyboard;
			sourceTree = "<group>";
		};
		AFB7A5E118F73E29003EABB4 /* InfoPlist.strings */ = {
			isa = PBXVariantGroup;
			children = (
				AFB7A5E218F73E29003EABB4 /* en */,
			);
			name = InfoPlist.strings;
			sourceTree = "<group>";
		};
/* End PBXVariantGroup section */

/* Begin XCBuildConfiguration section */
		AFB7A5E618F73E29003EABB4 /* Debug */ = {
			isa = XCBuildConfiguration;
			buildSettings = {
				ALWAYS_SEARCH_USER_PATHS = NO;
				CLANG_CXX_LANGUAGE_STANDARD = "gnu++0x";
				CLANG_CXX_LIBRARY = "libc++";
				CLANG_ENABLE_MODULES = YES;
				CLANG_ENABLE_OBJC_ARC = YES;
				CLANG_WARN_BOOL_CONVERSION = YES;
				CLANG_WARN_CONSTANT_CONVERSION = YES;
				CLANG_WARN_DIRECT_OBJC_ISA_USAGE = YES_ERROR;
				CLANG_WARN_EMPTY_BODY = YES;
				CLANG_WARN_ENUM_CONVERSION = YES;
				CLANG_WARN_INT_CONVERSION = YES;
				CLANG_WARN_OBJC_ROOT_CLASS = YES_ERROR;
				CLANG_WARN__DUPLICATE_METHOD_MATCH = YES;
				"CODE_SIGN_IDENTITY[sdk=iphoneos*]" = "iPhone Developer";
				COPY_PHASE_STRIP = NO;
				GCC_C_LANGUAGE_STANDARD = gnu99;
				GCC_DYNAMIC_NO_PIC = NO;
				GCC_OPTIMIZATION_LEVEL = 0;
				GCC_PREPROCESSOR_DEFINITIONS = (
					"DEBUG=1",
					"$(inherited)",
				);
				GCC_SYMBOLS_PRIVATE_EXTERN = NO;
				GCC_WARN_64_TO_32_BIT_CONVERSION = YES;
				GCC_WARN_ABOUT_RETURN_TYPE = YES_ERROR;
				GCC_WARN_UNDECLARED_SELECTOR = YES;
				GCC_WARN_UNINITIALIZED_AUTOS = YES_AGGRESSIVE;
				GCC_WARN_UNUSED_FUNCTION = YES;
				GCC_WARN_UNUSED_VARIABLE = YES;
				IPHONEOS_DEPLOYMENT_TARGET = 7.1;
				ONLY_ACTIVE_ARCH = YES;
				SDKROOT = iphoneos;
			};
			name = Debug;
		};
		AFB7A5E718F73E29003EABB4 /* Release */ = {
			isa = XCBuildConfiguration;
			buildSettings = {
				ALWAYS_SEARCH_USER_PATHS = NO;
				CLANG_CXX_LANGUAGE_STANDARD = "gnu++0x";
				CLANG_CXX_LIBRARY = "libc++";
				CLANG_ENABLE_MODULES = YES;
				CLANG_ENABLE_OBJC_ARC = YES;
				CLANG_WARN_BOOL_CONVERSION = YES;
				CLANG_WARN_CONSTANT_CONVERSION = YES;
				CLANG_WARN_DIRECT_OBJC_ISA_USAGE = YES_ERROR;
				CLANG_WARN_EMPTY_BODY = YES;
				CLANG_WARN_ENUM_CONVERSION = YES;
				CLANG_WARN_INT_CONVERSION = YES;
				CLANG_WARN_OBJC_ROOT_CLASS = YES_ERROR;
				CLANG_WARN__DUPLICATE_METHOD_MATCH = YES;
				"CODE_SIGN_IDENTITY[sdk=iphoneos*]" = "iPhone Developer";
				COPY_PHASE_STRIP = YES;
				ENABLE_NS_ASSERTIONS = NO;
				GCC_C_LANGUAGE_STANDARD = gnu99;
				GCC_WARN_64_TO_32_BIT_CONVERSION = YES;
				GCC_WARN_ABOUT_RETURN_TYPE = YES_ERROR;
				GCC_WARN_UNDECLARED_SELECTOR = YES;
				GCC_WARN_UNINITIALIZED_AUTOS = YES_AGGRESSIVE;
				GCC_WARN_UNUSED_FUNCTION = YES;
				GCC_WARN_UNUSED_VARIABLE = YES;
				IPHONEOS_DEPLOYMENT_TARGET = 7.1;
				SDKROOT = iphoneos;
				VALIDATE_PRODUCT = YES;
			};
			name = Release;
		};
		AFB7A5E918F73E29003EABB4 /* Debug */ = {
			isa = XCBuildConfiguration;
			buildSettings = {
				ASSETCATALOG_COMPILER_APPICON_NAME = AppIcon;
				ASSETCATALOG_COMPILER_LAUNCHIMAGE_NAME = LaunchImage;
				GCC_PRECOMPILE_PREFIX_HEADER = YES;
				GCC_PREFIX_HEADER = "BlurEffect/BlurEffect-Prefix.pch";
				INFOPLIST_FILE = "BlurEffect/BlurEffect-Info.plist";
				PRODUCT_NAME = "$(TARGET_NAME)";
				WRAPPER_EXTENSION = app;
			};
			name = Debug;
		};
		AFB7A5EA18F73E29003EABB4 /* Release */ = {
			isa = XCBuildConfiguration;
			buildSettings = {
				ASSETCATALOG_COMPILER_APPICON_NAME = AppIcon;
				ASSETCATALOG_COMPILER_LAUNCHIMAGE_NAME = LaunchImage;
				GCC_PRECOMPILE_PREFIX_HEADER = YES;
				GCC_PREFIX_HEADER = "BlurEffect/BlurEffect-Prefix.pch";
				INFOPLIST_FILE = "BlurEffect/BlurEffect-Info.plist";
				PRODUCT_NAME = "$(TARGET_NAME)";
				WRAPPER_EXTENSION = app;
			};
			name = Release;
		};
		AFB7A5EC18F73E29003EABB4 /* Debug */ = {
			isa = XCBuildConfiguration;
			buildSettings = {
				BUNDLE_LOADER = "$(BUILT_PRODUCTS_DIR)/BlurEffect.app/BlurEffect";
				FRAMEWORK_SEARCH_PATHS = (
					"$(SDKROOT)/Developer/Library/Frameworks",
					"$(inherited)",
					"$(DEVELOPER_FRAMEWORKS_DIR)",
				);
				GCC_PRECOMPILE_PREFIX_HEADER = YES;
				GCC_PREFIX_HEADER = "BlurEffect/BlurEffect-Prefix.pch";
				GCC_PREPROCESSOR_DEFINITIONS = (
					"DEBUG=1",
					"$(inherited)",
				);
				INFOPLIST_FILE = "BlurEffectTests/BlurEffectTests-Info.plist";
				PRODUCT_NAME = "$(TARGET_NAME)";
				TEST_HOST = "$(BUNDLE_LOADER)";
				WRAPPER_EXTENSION = xctest;
			};
			name = Debug;
		};
		AFB7A5ED18F73E29003EABB4 /* Release */ = {
			isa = XCBuildConfiguration;
			buildSettings = {
				BUNDLE_LOADER = "$(BUILT_PRODUCTS_DIR)/BlurEffect.app/BlurEffect";
				FRAMEWORK_SEARCH_PATHS = (
					"$(SDKROOT)/Developer/Library/Frameworks",
					"$(inherited)",
					"$(DEVELOPER_FRAMEWORKS_DIR)",
				);
				GCC_PRECOMPILE_PREFIX_HEADER = YES;
				GCC_PREFIX_HEADER = "BlurEffect/BlurEffect-Prefix.pch";
				INFOPLIST_FILE = "BlurEffectTests/BlurEffectTests-Info.plist";
				PRODUCT_NAME = "$(TARGET_NAME)";
				TEST_HOST = "$(BUNDLE_LOADER)";
				WRAPPER_EXTENSION = xctest;
			};
			name = Release;
		};
/* End XCBuildConfiguration section */

/* Begin XCConfigurationList section */
		AFB7A5B118F73E29003EABB4 /* Build configuration list for PBXProject "BlurEffect" */ = {
			isa = XCConfigurationList;
			buildConfigurations = (
				AFB7A5E618F73E29003EABB4 /* Debug */,
				AFB7A5E718F73E29003EABB4 /* Release */,
			);
			defaultConfigurationIsVisible = 0;
			defaultConfigurationName = Release;
		};
		AFB7A5E818F73E29003EABB4 /* Build configuration list for PBXNativeTarget "BlurEffect" */ = {
			isa = XCConfigurationList;
			buildConfigurations = (
				AFB7A5E918F73E29003EABB4 /* Debug */,
				AFB7A5EA18F73E29003EABB4 /* Release */,
			);
			defaultConfigurationIsVisible = 0;
		};
		AFB7A5EB18F73E29003EABB4 /* Build configuration list for PBXNativeTarget "BlurEffectTests" */ = {
			isa = XCConfigurationList;
			buildConfigurations = (
				AFB7A5EC18F73E29003EABB4 /* Debug */,
				AFB7A5ED18F73E29003EABB4 /* Release */,
			);
			defaultConfigurationIsVisible = 0;
		};
/* End XCConfigurationList section */
	};
	rootObject = AFB7A5AE18F73E29003EABB4 /* Project object */;
}
